// !$*UTF8*$!
{
	archiveVersion = 1;
	classes = {
	};
	objectVersion = 46;
	objects = {

/* Begin PBXBuildFile section */
		C36CA6621FB45CC700BEFEAA /* StringReplace.swift in Sources */ = {isa = PBXBuildFile; fileRef = C36CA6611FB45CC700BEFEAA /* StringReplace.swift */; };
		C37312841FB08D0C00CB1378 /* AppDelegate.swift in Sources */ = {isa = PBXBuildFile; fileRef = C37312831FB08D0C00CB1378 /* AppDelegate.swift */; };
		C37312861FB08D0D00CB1378 /* ViewController.swift in Sources */ = {isa = PBXBuildFile; fileRef = C37312851FB08D0D00CB1378 /* ViewController.swift */; };
		C37312891FB08D0D00CB1378 /* Main.storyboard in Resources */ = {isa = PBXBuildFile; fileRef = C37312871FB08D0D00CB1378 /* Main.storyboard */; };
		C373128B1FB08D0D00CB1378 /* Assets.xcassets in Resources */ = {isa = PBXBuildFile; fileRef = C373128A1FB08D0D00CB1378 /* Assets.xcassets */; };
		C373128E1FB08D0D00CB1378 /* LaunchScreen.storyboard in Resources */ = {isa = PBXBuildFile; fileRef = C373128C1FB08D0D00CB1378 /* LaunchScreen.storyboard */; };
		C3F5DA911FB41FE6003B90F1 /* FNSTextView.swift in Sources */ = {isa = PBXBuildFile; fileRef = C3F5DA901FB41FE6003B90F1 /* FNSTextView.swift */; };
/* End PBXBuildFile section */

/* Begin PBXFileReference section */
		C36CA6611FB45CC700BEFEAA /* StringReplace.swift */ = {isa = PBXFileReference; fileEncoding = 4; lastKnownFileType = sourcecode.swift; path = StringReplace.swift; sourceTree = "<group>"; };
		C37312801FB08D0C00CB1378 /* v2POCMultilineText.app */ = {isa = PBXFileReference; explicitFileType = wrapper.application; includeInIndex = 0; path = v2POCMultilineText.app; sourceTree = BUILT_PRODUCTS_DIR; };
		C37312831FB08D0C00CB1378 /* AppDelegate.swift */ = {isa = PBXFileReference; lastKnownFileType = sourcecode.swift; path = AppDelegate.swift; sourceTree = "<group>"; };
		C37312851FB08D0D00CB1378 /* ViewController.swift */ = {isa = PBXFileReference; lastKnownFileType = sourcecode.swift; path = ViewController.swift; sourceTree = "<group>"; };
		C37312881FB08D0D00CB1378 /* Base */ = {isa = PBXFileReference; lastKnownFileType = file.storyboard; name = Base; path = Base.lproj/Main.storyboard; sourceTree = "<group>"; };
		C373128A1FB08D0D00CB1378 /* Assets.xcassets */ = {isa = PBXFileReference; lastKnownFileType = folder.assetcatalog; path = Assets.xcassets; sourceTree = "<group>"; };
		C373128D1FB08D0D00CB1378 /* Base */ = {isa = PBXFileReference; lastKnownFileType = file.storyboard; name = Base; path = Base.lproj/LaunchScreen.storyboard; sourceTree = "<group>"; };
		C373128F1FB08D0D00CB1378 /* Info.plist */ = {isa = PBXFileReference; lastKnownFileType = text.plist.xml; path = Info.plist; sourceTree = "<group>"; };
		C3F5DA901FB41FE6003B90F1 /* FNSTextView.swift */ = {isa = PBXFileReference; fileEncoding = 4; lastKnownFileType = sourcecode.swift; path = FNSTextView.swift; sourceTree = "<group>"; };
/* End PBXFileReference section */

/* Begin PBXFrameworksBuildPhase section */
		C373127D1FB08D0C00CB1378 /* Frameworks */ = {
			isa = PBXFrameworksBuildPhase;
			buildActionMask = 2147483647;
			files = (
			);
			runOnlyForDeploymentPostprocessing = 0;
		};
/* End PBXFrameworksBuildPhase section */

/* Begin PBXGroup section */
		C37312771FB08D0B00CB1378 = {
			isa = PBXGroup;
			children = (
				C37312821FB08D0C00CB1378 /* v2POCMultilineText */,
				C37312811FB08D0C00CB1378 /* Products */,
			);
			sourceTree = "<group>";
		};
		C37312811FB08D0C00CB1378 /* Products */ = {
			isa = PBXGroup;
			children = (
				C37312801FB08D0C00CB1378 /* v2POCMultilineText.app */,
			);
			name = Products;
			sourceTree = "<group>";
		};
		C37312821FB08D0C00CB1378 /* v2POCMultilineText */ = {
			isa = PBXGroup;
			children = (
				C37312831FB08D0C00CB1378 /* AppDelegate.swift */,
				C37312851FB08D0D00CB1378 /* ViewController.swift */,
				C37312871FB08D0D00CB1378 /* Main.storyboard */,
				C373128A1FB08D0D00CB1378 /* Assets.xcassets */,
				C373128C1FB08D0D00CB1378 /* LaunchScreen.storyboard */,
				C373128F1FB08D0D00CB1378 /* Info.plist */,
				C3F5DA901FB41FE6003B90F1 /* FNSTextView.swift */,
				C36CA6611FB45CC700BEFEAA /* StringReplace.swift */,
			);
			path = v2POCMultilineText;
			sourceTree = "<group>";
		};
/* End PBXGroup section */

/* Begin PBXNativeTarget section */
		C373127F1FB08D0C00CB1378 /* v2POCMultilineText */ = {
			isa = PBXNativeTarget;
			buildConfigurationList = C37312921FB08D0D00CB1378 /* Build configuration list for PBXNativeTarget "v2POCMultilineText" */;
			buildPhases = (
				C373127C1FB08D0C00CB1378 /* Sources */,
				C373127D1FB08D0C00CB1378 /* Frameworks */,
				C373127E1FB08D0C00CB1378 /* Resources */,
			);
			buildRules = (
			);
			dependencies = (
			);
			name = v2POCMultilineText;
			productName = v2POCMultilineText;
			productReference = C37312801FB08D0C00CB1378 /* v2POCMultilineText.app */;
			productType = "com.apple.product-type.application";
		};
/* End PBXNativeTarget section */

/* Begin PBXProject section */
		C37312781FB08D0B00CB1378 /* Project object */ = {
			isa = PBXProject;
			attributes = {
				LastSwiftUpdateCheck = 0830;
				LastUpgradeCheck = 0830;
				ORGANIZATIONNAME = v2soltions;
				TargetAttributes = {
					C373127F1FB08D0C00CB1378 = {
						CreatedOnToolsVersion = 8.3.2;
						ProvisioningStyle = Automatic;
					};
				};
			};
			buildConfigurationList = C373127B1FB08D0C00CB1378 /* Build configuration list for PBXProject "v2POCMultilineText" */;
			compatibilityVersion = "Xcode 3.2";
			developmentRegion = English;
			hasScannedForEncodings = 0;
			knownRegions = (
				en,
				Base,
			);
			mainGroup = C37312771FB08D0B00CB1378;
			productRefGroup = C37312811FB08D0C00CB1378 /* Products */;
			projectDirPath = "";
			projectRoot = "";
			targets = (
				C373127F1FB08D0C00CB1378 /* v2POCMultilineText */,
			);
		};
/* End PBXProject section */

/* Begin PBXResourcesBuildPhase section */
		C373127E1FB08D0C00CB1378 /* Resources */ = {
			isa = PBXResourcesBuildPhase;
			buildActionMask = 2147483647;
			files = (
				C373128E1FB08D0D00CB1378 /* LaunchScreen.storyboard in Resources */,
				C373128B1FB08D0D00CB1378 /* Assets.xcassets in Resources */,
				C37312891FB08D0D00CB1378 /* Main.storyboard in Resources */,
			);
			runOnlyForDeploymentPostprocessing = 0;
		};
/* End PBXResourcesBuildPhase section */

/* Begin PBXSourcesBuildPhase section */
		C373127C1FB08D0C00CB1378 /* Sources */ = {
			isa = PBXSourcesBuildPhase;
			buildActionMask = 2147483647;
			files = (
				C37312861FB08D0D00CB1378 /* ViewController.swift in Sources */,
				C36CA6621FB45CC700BEFEAA /* StringReplace.swift in Sources */,
				C3F5DA911FB41FE6003B90F1 /* FNSTextView.swift in Sources */,
				C37312841FB08D0C00CB1378 /* AppDelegate.swift in Sources */,
			);
			runOnlyForDeploymentPostprocessing = 0;
		};
/* End PBXSourcesBuildPhase section */

/* Begin PBXVariantGroup section */
		C37312871FB08D0D00CB1378 /* Main.storyboard */ = {
			isa = PBXVariantGroup;
			children = (
				C37312881FB08D0D00CB1378 /* Base */,
			);
			name = Main.storyboard;
			sourceTree = "<group>";
		};
		C373128C1FB08D0D00CB1378 /* LaunchScreen.storyboard */ = {
			isa = PBXVariantGroup;
			children = (
				C373128D1FB08D0D00CB1378 /* Base */,
			);
			name = LaunchScreen.storyboard;
			sourceTree = "<group>";
		};
/* End PBXVariantGroup section */

/* Begin XCBuildConfiguration section */
		C37312901FB08D0D00CB1378 /* Debug */ = {
			isa = XCBuildConfiguration;
			buildSettings = {
				ALWAYS_SEARCH_USER_PATHS = NO;
				CLANG_ANALYZER_NONNULL = YES;
				CLANG_ANALYZER_NUMBER_OBJECT_CONVERSION = YES_AGGRESSIVE;
				CLANG_CXX_LANGUAGE_STANDARD = "gnu++0x";
				CLANG_CXX_LIBRARY = "libc++";
				CLANG_ENABLE_MODULES = YES;
				CLANG_ENABLE_OBJC_ARC = YES;
				CLANG_WARN_BOOL_CONVERSION = YES;
				CLANG_WARN_CONSTANT_CONVERSION = YES;
				CLANG_WARN_DIRECT_OBJC_ISA_USAGE = YES_ERROR;
				CLANG_WARN_DOCUMENTATION_COMMENTS = YES;
				CLANG_WARN_EMPTY_BODY = YES;
				CLANG_WARN_ENUM_CONVERSION = YES;
				CLANG_WARN_INFINITE_RECURSION = YES;
				CLANG_WARN_INT_CONVERSION = YES;
				CLANG_WARN_OBJC_ROOT_CLASS = YES_ERROR;
				CLANG_WARN_SUSPICIOUS_MOVE = YES;
				CLANG_WARN_UNREACHABLE_CODE = YES;
				CLANG_WARN__DUPLICATE_METHOD_MATCH = YES;
				"CODE_SIGN_IDENTITY[sdk=iphoneos*]" = "iPhone Developer";
				COPY_PHASE_STRIP = NO;
				DEBUG_INFORMATION_FORMAT = dwarf;
				ENABLE_STRICT_OBJC_MSGSEND = YES;
				ENABLE_TESTABILITY = YES;
				GCC_C_LANGUAGE_STANDARD = gnu99;
				GCC_DYNAMIC_NO_PIC = NO;
				GCC_NO_COMMON_BLOCKS = YES;
				GCC_OPTIMIZATION_LEVEL = 0;
				GCC_PREPROCESSOR_DEFINITIONS = (
					"DEBUG=1",
					"$(inherited)",
				);
				GCC_WARN_64_TO_32_BIT_CONVERSION = YES;
				GCC_WARN_ABOUT_RETURN_TYPE = YES_ERROR;
				GCC_WARN_UNDECLARED_SELECTOR = YES;
				GCC_WARN_UNINITIALIZED_AUTOS = YES_AGGRESSIVE;
				GCC_WARN_UNUSED_FUNCTION = YES;
				GCC_WARN_UNUSED_VARIABLE = YES;
				IPHONEOS_DEPLOYMENT_TARGET = 10.3;
				MTL_ENABLE_DEBUG_INFO = YES;
				ONLY_ACTIVE_ARCH = YES;
				SDKROOT = iphoneos;
				SWIFT_ACTIVE_COMPILATION_CONDITIONS = DEBUG;
				SWIFT_OPTIMIZATION_LEVEL = "-Onone";
			};
			name = Debug;
		};
		C37312911FB08D0D00CB1378 /* Release */ = {
			isa = XCBuildConfiguration;
			buildSettings = {
				ALWAYS_SEARCH_USER_PATHS = NO;
				CLANG_ANALYZER_NONNULL = YES;
				CLANG_ANALYZER_NUMBER_OBJECT_CONVERSION = YES_AGGRESSIVE;
				CLANG_CXX_LANGUAGE_STANDARD = "gnu++0x";
				CLANG_CXX_LIBRARY = "libc++";
				CLANG_ENABLE_MODULES = YES;
				CLANG_ENABLE_OBJC_ARC = YES;
				CLANG_WARN_BOOL_CONVERSION = YES;
				CLANG_WARN_CONSTANT_CONVERSION = YES;
				CLANG_WARN_DIRECT_OBJC_ISA_USAGE = YES_ERROR;
				CLANG_WARN_DOCUMENTATION_COMMENTS = YES;
				CLANG_WARN_EMPTY_BODY = YES;
				CLANG_WARN_ENUM_CONVERSION = YES;
				CLANG_WARN_INFINITE_RECURSION = YES;
				CLANG_WARN_INT_CONVERSION = YES;
				CLANG_WARN_OBJC_ROOT_CLASS = YES_ERROR;
				CLANG_WARN_SUSPICIOUS_MOVE = YES;
				CLANG_WARN_UNREACHABLE_CODE = YES;
				CLANG_WARN__DUPLICATE_METHOD_MATCH = YES;
				"CODE_SIGN_IDENTITY[sdk=iphoneos*]" = "iPhone Developer";
				COPY_PHASE_STRIP = NO;
				DEBUG_INFORMATION_FORMAT = "dwarf-with-dsym";
				ENABLE_NS_ASSERTIONS = NO;
				ENABLE_STRICT_OBJC_MSGSEND = YES;
				GCC_C_LANGUAGE_STANDARD = gnu99;
				GCC_NO_COMMON_BLOCKS = YES;
				GCC_WARN_64_TO_32_BIT_CONVERSION = YES;
				GCC_WARN_ABOUT_RETURN_TYPE = YES_ERROR;
				GCC_WARN_UNDECLARED_SELECTOR = YES;
				GCC_WARN_UNINITIALIZED_AUTOS = YES_AGGRESSIVE;
				GCC_WARN_UNUSED_FUNCTION = YES;
				GCC_WARN_UNUSED_VARIABLE = YES;
				IPHONEOS_DEPLOYMENT_TARGET = 10.3;
				MTL_ENABLE_DEBUG_INFO = NO;
				SDKROOT = iphoneos;
				SWIFT_OPTIMIZATION_LEVEL = "-Owholemodule";
				VALIDATE_PRODUCT = YES;
			};
			name = Release;
		};
		C37312931FB08D0D00CB1378 /* Debug */ = {
			isa = XCBuildConfiguration;
			buildSettings = {
				ASSETCATALOG_COMPILER_APPICON_NAME = AppIcon;
				INFOPLIST_FILE = v2POCMultilineText/Info.plist;
				LD_RUNPATH_SEARCH_PATHS = "$(inherited) @executable_path/Frameworks";
				PRODUCT_BUNDLE_IDENTIFIER = com.v2solutions.v2POCMultilineText;
				PRODUCT_NAME = "$(TARGET_NAME)";
				SWIFT_VERSION = 3.0;
			};
			name = Debug;
		};
		C37312941FB08D0D00CB1378 /* Release */ = {
			isa = XCBuildConfiguration;
			buildSettings = {
				ASSETCATALOG_COMPILER_APPICON_NAME = AppIcon;
				INFOPLIST_FILE = v2POCMultilineText/Info.plist;
				LD_RUNPATH_SEARCH_PATHS = "$(inherited) @executable_path/Frameworks";
				PRODUCT_BUNDLE_IDENTIFIER = com.v2solutions.v2POCMultilineText;
				PRODUCT_NAME = "$(TARGET_NAME)";
				SWIFT_VERSION = 3.0;
			};
			name = Release;
		};
/* End XCBuildConfiguration section */

/* Begin XCConfigurationList section */
		C373127B1FB08D0C00CB1378 /* Build configuration list for PBXProject "v2POCMultilineText" */ = {
			isa = XCConfigurationList;
			buildConfigurations = (
				C37312901FB08D0D00CB1378 /* Debug */,
				C37312911FB08D0D00CB1378 /* Release */,
			);
			defaultConfigurationIsVisible = 0;
			defaultConfigurationName = Release;
		};
		C37312921FB08D0D00CB1378 /* Build configuration list for PBXNativeTarget "v2POCMultilineText" */ = {
			isa = XCConfigurationList;
			buildConfigurations = (
				C37312931FB08D0D00CB1378 /* Debug */,
				C37312941FB08D0D00CB1378 /* Release */,
			);
			defaultConfigurationIsVisible = 0;
			defaultConfigurationName = Release;
		};
/* End XCConfigurationList section */
	};
	rootObject = C37312781FB08D0B00CB1378 /* Project object */;
}
